// !$*UTF8*$!
{
	archiveVersion = 1;
	classes = {
	};
	objectVersion = 56;
	objects = {

/* Begin PBXBuildFile section */
		0BF15F2DF49C4D5902A0083D /* Pods_WedPlanner.framework in Frameworks */ = {isa = PBXBuildFile; fileRef = BEBFE90D6525ED190CF085D9 /* Pods_WedPlanner.framework */; };
		571021C62C871D7E00FEAA24 /* WeddingItemCellView.swift in Sources */ = {isa = PBXBuildFile; fileRef = 571021C52C871D7E00FEAA24 /* WeddingItemCellView.swift */; };
		571021C82C875D2800FEAA24 /* DiagonalCutShape.swift in Sources */ = {isa = PBXBuildFile; fileRef = 571021C72C875D2800FEAA24 /* DiagonalCutShape.swift */; };
		571021CA2C87A6AF00FEAA24 /* WeddingDetailView.swift in Sources */ = {isa = PBXBuildFile; fileRef = 571021C92C87A6AF00FEAA24 /* WeddingDetailView.swift */; };
		571021CD2C88D77000FEAA24 /* CustomProgressViewStyle.swift in Sources */ = {isa = PBXBuildFile; fileRef = 571021CC2C88D77000FEAA24 /* CustomProgressViewStyle.swift */; };
		571021D12C88FACC00FEAA24 /* GuestListView.swift in Sources */ = {isa = PBXBuildFile; fileRef = 571021D02C88FACC00FEAA24 /* GuestListView.swift */; };
		571021D32C88FF9A00FEAA24 /* WPSearchField.swift in Sources */ = {isa = PBXBuildFile; fileRef = 571021D22C88FF9A00FEAA24 /* WPSearchField.swift */; };
		571021D62C89AA7500FEAA24 /* WPContextMenu.swift in Sources */ = {isa = PBXBuildFile; fileRef = 571021D52C89AA7500FEAA24 /* WPContextMenu.swift */; };
		571021D82C89AF8600FEAA24 /* WPGuestAlertViewModifier.swift in Sources */ = {isa = PBXBuildFile; fileRef = 571021D72C89AF8600FEAA24 /* WPGuestAlertViewModifier.swift */; };
		573173FA2C8A375D00212D05 /* SettingsCellModel.swift in Sources */ = {isa = PBXBuildFile; fileRef = 573173F92C8A375D00212D05 /* SettingsCellModel.swift */; };
		573173FC2C8AF4C000212D05 /* WPShareView.swift in Sources */ = {isa = PBXBuildFile; fileRef = 573173FB2C8AF4C000212D05 /* WPShareView.swift */; };
		573174042C8B643B00212D05 /* AddNewContactView.swift in Sources */ = {isa = PBXBuildFile; fileRef = 573174032C8B643B00212D05 /* AddNewContactView.swift */; };
		573174062C8C7CD000212D05 /* WeddingContactsListView.swift in Sources */ = {isa = PBXBuildFile; fileRef = 573174052C8C7CD000212D05 /* WeddingContactsListView.swift */; };
		5731740A2C8CDDBB00212D05 /* IdeaCellItemView.swift in Sources */ = {isa = PBXBuildFile; fileRef = 573174092C8CDDBB00212D05 /* IdeaCellItemView.swift */; };
		5731740E2C8CE84200212D05 /* IdeadAddOrEditView.swift in Sources */ = {isa = PBXBuildFile; fileRef = 5731740D2C8CE84200212D05 /* IdeadAddOrEditView.swift */; };
		573174102C8D11CA00212D05 /* IdeaDetailView.swift in Sources */ = {isa = PBXBuildFile; fileRef = 5731740F2C8D11CA00212D05 /* IdeaDetailView.swift */; };
		573174142C8DD5B500212D05 /* CalendarEventCellItemView.swift in Sources */ = {isa = PBXBuildFile; fileRef = 573174132C8DD5B500212D05 /* CalendarEventCellItemView.swift */; };
		573174162C8DD7D100212D05 /* EventAddOrEditView.swift in Sources */ = {isa = PBXBuildFile; fileRef = 573174152C8DD7D100212D05 /* EventAddOrEditView.swift */; };
		573174182C8DDF4100212D05 /* EventDetailView.swift in Sources */ = {isa = PBXBuildFile; fileRef = 573174172C8DDF4100212D05 /* EventDetailView.swift */; };
		573174292C90BD0F00212D05 /* DataBaseManager.swift in Sources */ = {isa = PBXBuildFile; fileRef = 573174282C90BD0F00212D05 /* DataBaseManager.swift */; };
		5731742C2C90BD9700212D05 /* IdeaRepositoryService.swift in Sources */ = {isa = PBXBuildFile; fileRef = 5731742B2C90BD9700212D05 /* IdeaRepositoryService.swift */; };
		5731742F2C90BDCD00212D05 /* Idea.swift in Sources */ = {isa = PBXBuildFile; fileRef = 5731742E2C90BDCD00212D05 /* Idea.swift */; };
		573174312C90BEFF00212D05 /* IdeasViewModel.swift in Sources */ = {isa = PBXBuildFile; fileRef = 573174302C90BEFF00212D05 /* IdeasViewModel.swift */; };
		573174332C90C29E00212D05 /* Event.swift in Sources */ = {isa = PBXBuildFile; fileRef = 573174322C90C29E00212D05 /* Event.swift */; };
		573174352C90C2D700212D05 /* EventRepositoryService.swift in Sources */ = {isa = PBXBuildFile; fileRef = 573174342C90C2D700212D05 /* EventRepositoryService.swift */; };
		573174372C90C3C600212D05 /* EventsViewModel.swift in Sources */ = {isa = PBXBuildFile; fileRef = 573174362C90C3C600212D05 /* EventsViewModel.swift */; };
		573174502C918BB000212D05 /* WeddingItem.swift in Sources */ = {isa = PBXBuildFile; fileRef = 5731744F2C918BB000212D05 /* WeddingItem.swift */; };
		573174522C918C3900212D05 /* WeddingItemRepositoryService.swift in Sources */ = {isa = PBXBuildFile; fileRef = 573174512C918C3900212D05 /* WeddingItemRepositoryService.swift */; };
		573174552C9194EC00212D05 /* WeddingItemsViewModel.swift in Sources */ = {isa = PBXBuildFile; fileRef = 573174542C9194EC00212D05 /* WeddingItemsViewModel.swift */; };
		573174572C91956300212D05 /* WeddingTask.swift in Sources */ = {isa = PBXBuildFile; fileRef = 573174562C91956300212D05 /* WeddingTask.swift */; };
		573174592C9195BB00212D05 /* WeddingTaskRepositoryService.swift in Sources */ = {isa = PBXBuildFile; fileRef = 573174582C9195BB00212D05 /* WeddingTaskRepositoryService.swift */; };
		5731745B2C91961100212D05 /* WeddingTasksViewModel.swift in Sources */ = {isa = PBXBuildFile; fileRef = 5731745A2C91961100212D05 /* WeddingTasksViewModel.swift */; };
		5731745D2C91966900212D05 /* WeddingGuest.swift in Sources */ = {isa = PBXBuildFile; fileRef = 5731745C2C91966900212D05 /* WeddingGuest.swift */; };
		5731745F2C91988700212D05 /* WeddingContact.swift in Sources */ = {isa = PBXBuildFile; fileRef = 5731745E2C91988700212D05 /* WeddingContact.swift */; };
		573174612C930C8200212D05 /* UpdateWeddingView.swift in Sources */ = {isa = PBXBuildFile; fileRef = 573174602C930C8200212D05 /* UpdateWeddingView.swift */; };
		573174632C930EDF00212D05 /* CreateWeddingContentView.swift in Sources */ = {isa = PBXBuildFile; fileRef = 573174622C930EDF00212D05 /* CreateWeddingContentView.swift */; };
		5732D9C82C7F125200ACD609 /* WedPlannerApp.swift in Sources */ = {isa = PBXBuildFile; fileRef = 5732D9C72C7F125200ACD609 /* WedPlannerApp.swift */; };
		5732D9CC2C7F125300ACD609 /* Assets.xcassets in Resources */ = {isa = PBXBuildFile; fileRef = 5732D9CB2C7F125300ACD609 /* Assets.xcassets */; };
		5732D9CF2C7F125300ACD609 /* Preview Assets.xcassets in Resources */ = {isa = PBXBuildFile; fileRef = 5732D9CE2C7F125300ACD609 /* Preview Assets.xcassets */; };
		5763A51C2C7F25A400B36190 /* Colors.xcassets in Resources */ = {isa = PBXBuildFile; fileRef = 5763A51B2C7F25A400B36190 /* Colors.xcassets */; };
		5763A51F2C7F4E8E00B36190 /* OnboardinItemModel.swift in Sources */ = {isa = PBXBuildFile; fileRef = 5763A51E2C7F4E8E00B36190 /* OnboardinItemModel.swift */; };
		5763A5222C7F500300B36190 /* WPButtonView.swift in Sources */ = {isa = PBXBuildFile; fileRef = 5763A5212C7F500300B36190 /* WPButtonView.swift */; };
		5763A5252C7F50CE00B36190 /* WPTextView.swift in Sources */ = {isa = PBXBuildFile; fileRef = 5763A5242C7F50CE00B36190 /* WPTextView.swift */; };
		5763A5292C7F53F500B36190 /* OnboardingView.swift in Sources */ = {isa = PBXBuildFile; fileRef = 5763A5282C7F53F500B36190 /* OnboardingView.swift */; };
		5763A52B2C7F549400B36190 /* View+ Extensions.swift in Sources */ = {isa = PBXBuildFile; fileRef = 5763A52A2C7F549400B36190 /* View+ Extensions.swift */; };
		5763A52D2C7F565100B36190 /* OnboardingViewModel.swift in Sources */ = {isa = PBXBuildFile; fileRef = 5763A52C2C7F565100B36190 /* OnboardingViewModel.swift */; };
		5763A52F2C7F572B00B36190 /* LicenseTextView.swift in Sources */ = {isa = PBXBuildFile; fileRef = 5763A52E2C7F572B00B36190 /* LicenseTextView.swift */; };
		5763A5312C7F576600B36190 /* LicenseTextModel.swift in Sources */ = {isa = PBXBuildFile; fileRef = 5763A5302C7F576600B36190 /* LicenseTextModel.swift */; };
		5763A5332C7F8CAC00B36190 /* InitialView.swift in Sources */ = {isa = PBXBuildFile; fileRef = 5763A5322C7F8CAC00B36190 /* InitialView.swift */; };
		5763A5352C7FC7EA00B36190 /* WPTabBar.swift in Sources */ = {isa = PBXBuildFile; fileRef = 5763A5342C7FC7EA00B36190 /* WPTabBar.swift */; };
		5763A5392C7FC98B00B36190 /* WPTabbarItemModel.swift in Sources */ = {isa = PBXBuildFile; fileRef = 5763A5382C7FC98B00B36190 /* WPTabbarItemModel.swift */; };
		5763A53B2C7FD8E400B36190 /* UINavigationController + Extensions.swift in Sources */ = {isa = PBXBuildFile; fileRef = 5763A53A2C7FD8E400B36190 /* UINavigationController + Extensions.swift */; };
		5763A53F2C7FDA7600B36190 /* WPNavBarView.swift in Sources */ = {isa = PBXBuildFile; fileRef = 5763A53E2C7FDA7600B36190 /* WPNavBarView.swift */; };
		5763A5422C805F2E00B36190 /* TabBarModifier.swift in Sources */ = {isa = PBXBuildFile; fileRef = 5763A5412C805F2E00B36190 /* TabBarModifier.swift */; };
		5763A5442C805F5800B36190 /* UIApplication + Extensions.swift in Sources */ = {isa = PBXBuildFile; fileRef = 5763A5432C805F5800B36190 /* UIApplication + Extensions.swift */; };
		5763A5462C805F7800B36190 /* UIView + Extenisons.swift in Sources */ = {isa = PBXBuildFile; fileRef = 5763A5452C805F7800B36190 /* UIView + Extenisons.swift */; };
		5763A54C2C80639700B36190 /* WeddingView.swift in Sources */ = {isa = PBXBuildFile; fileRef = 5763A54B2C80639700B36190 /* WeddingView.swift */; };
		5763A5502C8063D200B36190 /* ContactsView.swift in Sources */ = {isa = PBXBuildFile; fileRef = 5763A54F2C8063D200B36190 /* ContactsView.swift */; };
		5763A5552C80640F00B36190 /* CalendarView.swift in Sources */ = {isa = PBXBuildFile; fileRef = 5763A5542C80640F00B36190 /* CalendarView.swift */; };
		5763A5582C80643700B36190 /* IdeasView.swift in Sources */ = {isa = PBXBuildFile; fileRef = 5763A5572C80643700B36190 /* IdeasView.swift */; };
		5763A55C2C80646500B36190 /* SettingsView.swift in Sources */ = {isa = PBXBuildFile; fileRef = 5763A55B2C80646500B36190 /* SettingsView.swift */; };
		5763A55E2C80661000B36190 /* WPEmptyDataView.swift in Sources */ = {isa = PBXBuildFile; fileRef = 5763A55D2C80661000B36190 /* WPEmptyDataView.swift */; };
		5763A5602C80877F00B36190 /* WPImagedButtonView.swift in Sources */ = {isa = PBXBuildFile; fileRef = 5763A55F2C80877F00B36190 /* WPImagedButtonView.swift */; };
		5763A5622C808EB900B36190 /* WeddingViewModel.swift in Sources */ = {isa = PBXBuildFile; fileRef = 5763A5612C808EB900B36190 /* WeddingViewModel.swift */; };
		5763A5642C80906900B36190 /* AddNewWeddingView.swift in Sources */ = {isa = PBXBuildFile; fileRef = 5763A5632C80906900B36190 /* AddNewWeddingView.swift */; };
		5763A5672C8096E200B36190 /* SubNavBarView.swift in Sources */ = {isa = PBXBuildFile; fileRef = 5763A5662C8096E200B36190 /* SubNavBarView.swift */; };
		5763A5692C80CA8400B36190 /* LineSeparaterView.swift in Sources */ = {isa = PBXBuildFile; fileRef = 5763A5682C80CA8400B36190 /* LineSeparaterView.swift */; };
		5763A56B2C80CBB700B36190 /* NoticeBubbleView.swift in Sources */ = {isa = PBXBuildFile; fileRef = 5763A56A2C80CBB700B36190 /* NoticeBubbleView.swift */; };
		5763A56E2C80D32C00B36190 /* WPTextField.swift in Sources */ = {isa = PBXBuildFile; fileRef = 5763A56D2C80D32C00B36190 /* WPTextField.swift */; };
		5763A5712C81BA4C00B36190 /* WPImagePickerView.swift in Sources */ = {isa = PBXBuildFile; fileRef = 5763A5702C81BA4C00B36190 /* WPImagePickerView.swift */; };
		5763A5762C81C8AA00B36190 /* WPTextEdditor.swift in Sources */ = {isa = PBXBuildFile; fileRef = 5763A5752C81C8AA00B36190 /* WPTextEdditor.swift */; };
		5763A5782C81EBBE00B36190 /* AddNewWeddingTaskView.swift in Sources */ = {isa = PBXBuildFile; fileRef = 5763A5772C81EBBE00B36190 /* AddNewWeddingTaskView.swift */; };
		5763A57A2C81F80800B36190 /* WPDatePickerView.swift in Sources */ = {isa = PBXBuildFile; fileRef = 5763A5792C81F80800B36190 /* WPDatePickerView.swift */; };
		5763A57C2C820B0000B36190 /* Date + Extensions.swift in Sources */ = {isa = PBXBuildFile; fileRef = 5763A57B2C820B0000B36190 /* Date + Extensions.swift */; };
		5763A57E2C820E6300B36190 /* DismissingKeyboardOnTap.swift in Sources */ = {isa = PBXBuildFile; fileRef = 5763A57D2C820E6300B36190 /* DismissingKeyboardOnTap.swift */; };
		5763A5822C83052800B36190 /* WPTaskSelecteionView.swift in Sources */ = {isa = PBXBuildFile; fileRef = 5763A5812C83052800B36190 /* WPTaskSelecteionView.swift */; };
		5763A5892C83AEB500B36190 /* WPAlertViewModifier.swift in Sources */ = {isa = PBXBuildFile; fileRef = 5763A5882C83AEB500B36190 /* WPAlertViewModifier.swift */; };
		5763A58C2C83BB3700B36190 /* RoundedCorner.swift in Sources */ = {isa = PBXBuildFile; fileRef = 5763A58B2C83BB3700B36190 /* RoundedCorner.swift */; };
/* End PBXBuildFile section */

/* Begin PBXFileReference section */
		10BEED09C4E3D2F4E200F7C2 /* Pods-WedPlanner.debug.xcconfig */ = {isa = PBXFileReference; includeInIndex = 1; lastKnownFileType = text.xcconfig; name = "Pods-WedPlanner.debug.xcconfig"; path = "Target Support Files/Pods-WedPlanner/Pods-WedPlanner.debug.xcconfig"; sourceTree = "<group>"; };
		571021C52C871D7E00FEAA24 /* WeddingItemCellView.swift */ = {isa = PBXFileReference; lastKnownFileType = sourcecode.swift; path = WeddingItemCellView.swift; sourceTree = "<group>"; };
		571021C72C875D2800FEAA24 /* DiagonalCutShape.swift */ = {isa = PBXFileReference; lastKnownFileType = sourcecode.swift; path = DiagonalCutShape.swift; sourceTree = "<group>"; };
		571021C92C87A6AF00FEAA24 /* WeddingDetailView.swift */ = {isa = PBXFileReference; lastKnownFileType = sourcecode.swift; path = WeddingDetailView.swift; sourceTree = "<group>"; };
		571021CC2C88D77000FEAA24 /* CustomProgressViewStyle.swift */ = {isa = PBXFileReference; lastKnownFileType = sourcecode.swift; path = CustomProgressViewStyle.swift; sourceTree = "<group>"; };
		571021D02C88FACC00FEAA24 /* GuestListView.swift */ = {isa = PBXFileReference; lastKnownFileType = sourcecode.swift; path = GuestListView.swift; sourceTree = "<group>"; };
		571021D22C88FF9A00FEAA24 /* WPSearchField.swift */ = {isa = PBXFileReference; lastKnownFileType = sourcecode.swift; path = WPSearchField.swift; sourceTree = "<group>"; };
		571021D52C89AA7500FEAA24 /* WPContextMenu.swift */ = {isa = PBXFileReference; lastKnownFileType = sourcecode.swift; path = WPContextMenu.swift; sourceTree = "<group>"; };
		571021D72C89AF8600FEAA24 /* WPGuestAlertViewModifier.swift */ = {isa = PBXFileReference; lastKnownFileType = sourcecode.swift; path = WPGuestAlertViewModifier.swift; sourceTree = "<group>"; };
		573173F92C8A375D00212D05 /* SettingsCellModel.swift */ = {isa = PBXFileReference; lastKnownFileType = sourcecode.swift; path = SettingsCellModel.swift; sourceTree = "<group>"; };
		573173FB2C8AF4C000212D05 /* WPShareView.swift */ = {isa = PBXFileReference; lastKnownFileType = sourcecode.swift; path = WPShareView.swift; sourceTree = "<group>"; };
		573174032C8B643B00212D05 /* AddNewContactView.swift */ = {isa = PBXFileReference; lastKnownFileType = sourcecode.swift; path = AddNewContactView.swift; sourceTree = "<group>"; };
		573174052C8C7CD000212D05 /* WeddingContactsListView.swift */ = {isa = PBXFileReference; lastKnownFileType = sourcecode.swift; path = WeddingContactsListView.swift; sourceTree = "<group>"; };
		573174092C8CDDBB00212D05 /* IdeaCellItemView.swift */ = {isa = PBXFileReference; lastKnownFileType = sourcecode.swift; path = IdeaCellItemView.swift; sourceTree = "<group>"; };
		5731740D2C8CE84200212D05 /* IdeadAddOrEditView.swift */ = {isa = PBXFileReference; lastKnownFileType = sourcecode.swift; path = IdeadAddOrEditView.swift; sourceTree = "<group>"; };
		5731740F2C8D11CA00212D05 /* IdeaDetailView.swift */ = {isa = PBXFileReference; lastKnownFileType = sourcecode.swift; path = IdeaDetailView.swift; sourceTree = "<group>"; };
		573174132C8DD5B500212D05 /* CalendarEventCellItemView.swift */ = {isa = PBXFileReference; lastKnownFileType = sourcecode.swift; path = CalendarEventCellItemView.swift; sourceTree = "<group>"; };
		573174152C8DD7D100212D05 /* EventAddOrEditView.swift */ = {isa = PBXFileReference; lastKnownFileType = sourcecode.swift; path = EventAddOrEditView.swift; sourceTree = "<group>"; };
		573174172C8DDF4100212D05 /* EventDetailView.swift */ = {isa = PBXFileReference; lastKnownFileType = sourcecode.swift; path = EventDetailView.swift; sourceTree = "<group>"; };
		573174282C90BD0F00212D05 /* DataBaseManager.swift */ = {isa = PBXFileReference; lastKnownFileType = sourcecode.swift; path = DataBaseManager.swift; sourceTree = "<group>"; };
		5731742B2C90BD9700212D05 /* IdeaRepositoryService.swift */ = {isa = PBXFileReference; lastKnownFileType = sourcecode.swift; path = IdeaRepositoryService.swift; sourceTree = "<group>"; };
		5731742E2C90BDCD00212D05 /* Idea.swift */ = {isa = PBXFileReference; lastKnownFileType = sourcecode.swift; path = Idea.swift; sourceTree = "<group>"; };
		573174302C90BEFF00212D05 /* IdeasViewModel.swift */ = {isa = PBXFileReference; lastKnownFileType = sourcecode.swift; path = IdeasViewModel.swift; sourceTree = "<group>"; };
		573174322C90C29E00212D05 /* Event.swift */ = {isa = PBXFileReference; lastKnownFileType = sourcecode.swift; path = Event.swift; sourceTree = "<group>"; };
		573174342C90C2D700212D05 /* EventRepositoryService.swift */ = {isa = PBXFileReference; lastKnownFileType = sourcecode.swift; path = EventRepositoryService.swift; sourceTree = "<group>"; };
		573174362C90C3C600212D05 /* EventsViewModel.swift */ = {isa = PBXFileReference; lastKnownFileType = sourcecode.swift; path = EventsViewModel.swift; sourceTree = "<group>"; };
		5731744F2C918BB000212D05 /* WeddingItem.swift */ = {isa = PBXFileReference; lastKnownFileType = sourcecode.swift; path = WeddingItem.swift; sourceTree = "<group>"; };
		573174512C918C3900212D05 /* WeddingItemRepositoryService.swift */ = {isa = PBXFileReference; lastKnownFileType = sourcecode.swift; path = WeddingItemRepositoryService.swift; sourceTree = "<group>"; };
		573174542C9194EC00212D05 /* WeddingItemsViewModel.swift */ = {isa = PBXFileReference; lastKnownFileType = sourcecode.swift; path = WeddingItemsViewModel.swift; sourceTree = "<group>"; };
		573174562C91956300212D05 /* WeddingTask.swift */ = {isa = PBXFileReference; lastKnownFileType = sourcecode.swift; path = WeddingTask.swift; sourceTree = "<group>"; };
		573174582C9195BB00212D05 /* WeddingTaskRepositoryService.swift */ = {isa = PBXFileReference; lastKnownFileType = sourcecode.swift; path = WeddingTaskRepositoryService.swift; sourceTree = "<group>"; };
		5731745A2C91961100212D05 /* WeddingTasksViewModel.swift */ = {isa = PBXFileReference; lastKnownFileType = sourcecode.swift; path = WeddingTasksViewModel.swift; sourceTree = "<group>"; };
		5731745C2C91966900212D05 /* WeddingGuest.swift */ = {isa = PBXFileReference; lastKnownFileType = sourcecode.swift; path = WeddingGuest.swift; sourceTree = "<group>"; };
		5731745E2C91988700212D05 /* WeddingContact.swift */ = {isa = PBXFileReference; lastKnownFileType = sourcecode.swift; path = WeddingContact.swift; sourceTree = "<group>"; };
		573174602C930C8200212D05 /* UpdateWeddingView.swift */ = {isa = PBXFileReference; lastKnownFileType = sourcecode.swift; path = UpdateWeddingView.swift; sourceTree = "<group>"; };
		573174622C930EDF00212D05 /* CreateWeddingContentView.swift */ = {isa = PBXFileReference; lastKnownFileType = sourcecode.swift; path = CreateWeddingContentView.swift; sourceTree = "<group>"; };
		5732D9C42C7F125200ACD609 /* WedPlanner.app */ = {isa = PBXFileReference; explicitFileType = wrapper.application; includeInIndex = 0; path = WedPlanner.app; sourceTree = BUILT_PRODUCTS_DIR; };
		5732D9C72C7F125200ACD609 /* WedPlannerApp.swift */ = {isa = PBXFileReference; lastKnownFileType = sourcecode.swift; path = WedPlannerApp.swift; sourceTree = "<group>"; };
		5732D9CB2C7F125300ACD609 /* Assets.xcassets */ = {isa = PBXFileReference; lastKnownFileType = folder.assetcatalog; path = Assets.xcassets; sourceTree = "<group>"; };
		5732D9CE2C7F125300ACD609 /* Preview Assets.xcassets */ = {isa = PBXFileReference; lastKnownFileType = folder.assetcatalog; path = "Preview Assets.xcassets"; sourceTree = "<group>"; };
		5763A51B2C7F25A400B36190 /* Colors.xcassets */ = {isa = PBXFileReference; lastKnownFileType = folder.assetcatalog; path = Colors.xcassets; sourceTree = "<group>"; };
		5763A51E2C7F4E8E00B36190 /* OnboardinItemModel.swift */ = {isa = PBXFileReference; lastKnownFileType = sourcecode.swift; path = OnboardinItemModel.swift; sourceTree = "<group>"; };
		5763A5212C7F500300B36190 /* WPButtonView.swift */ = {isa = PBXFileReference; lastKnownFileType = sourcecode.swift; path = WPButtonView.swift; sourceTree = "<group>"; };
		5763A5242C7F50CE00B36190 /* WPTextView.swift */ = {isa = PBXFileReference; lastKnownFileType = sourcecode.swift; path = WPTextView.swift; sourceTree = "<group>"; };
		5763A5282C7F53F500B36190 /* OnboardingView.swift */ = {isa = PBXFileReference; lastKnownFileType = sourcecode.swift; path = OnboardingView.swift; sourceTree = "<group>"; };
		5763A52A2C7F549400B36190 /* View+ Extensions.swift */ = {isa = PBXFileReference; lastKnownFileType = sourcecode.swift; path = "View+ Extensions.swift"; sourceTree = "<group>"; };
		5763A52C2C7F565100B36190 /* OnboardingViewModel.swift */ = {isa = PBXFileReference; lastKnownFileType = sourcecode.swift; path = OnboardingViewModel.swift; sourceTree = "<group>"; };
		5763A52E2C7F572B00B36190 /* LicenseTextView.swift */ = {isa = PBXFileReference; lastKnownFileType = sourcecode.swift; path = LicenseTextView.swift; sourceTree = "<group>"; };
		5763A5302C7F576600B36190 /* LicenseTextModel.swift */ = {isa = PBXFileReference; lastKnownFileType = sourcecode.swift; path = LicenseTextModel.swift; sourceTree = "<group>"; };
		5763A5322C7F8CAC00B36190 /* InitialView.swift */ = {isa = PBXFileReference; lastKnownFileType = sourcecode.swift; path = InitialView.swift; sourceTree = "<group>"; };
		5763A5342C7FC7EA00B36190 /* WPTabBar.swift */ = {isa = PBXFileReference; lastKnownFileType = sourcecode.swift; path = WPTabBar.swift; sourceTree = "<group>"; };
		5763A5382C7FC98B00B36190 /* WPTabbarItemModel.swift */ = {isa = PBXFileReference; lastKnownFileType = sourcecode.swift; path = WPTabbarItemModel.swift; sourceTree = "<group>"; };
		5763A53A2C7FD8E400B36190 /* UINavigationController + Extensions.swift */ = {isa = PBXFileReference; lastKnownFileType = sourcecode.swift; path = "UINavigationController + Extensions.swift"; sourceTree = "<group>"; };
		5763A53E2C7FDA7600B36190 /* WPNavBarView.swift */ = {isa = PBXFileReference; lastKnownFileType = sourcecode.swift; path = WPNavBarView.swift; sourceTree = "<group>"; };
		5763A5412C805F2E00B36190 /* TabBarModifier.swift */ = {isa = PBXFileReference; lastKnownFileType = sourcecode.swift; path = TabBarModifier.swift; sourceTree = "<group>"; };
		5763A5432C805F5800B36190 /* UIApplication + Extensions.swift */ = {isa = PBXFileReference; lastKnownFileType = sourcecode.swift; path = "UIApplication + Extensions.swift"; sourceTree = "<group>"; };
		5763A5452C805F7800B36190 /* UIView + Extenisons.swift */ = {isa = PBXFileReference; lastKnownFileType = sourcecode.swift; path = "UIView + Extenisons.swift"; sourceTree = "<group>"; };
		5763A54B2C80639700B36190 /* WeddingView.swift */ = {isa = PBXFileReference; lastKnownFileType = sourcecode.swift; path = WeddingView.swift; sourceTree = "<group>"; };
		5763A54F2C8063D200B36190 /* ContactsView.swift */ = {isa = PBXFileReference; lastKnownFileType = sourcecode.swift; path = ContactsView.swift; sourceTree = "<group>"; };
		5763A5542C80640F00B36190 /* CalendarView.swift */ = {isa = PBXFileReference; lastKnownFileType = sourcecode.swift; path = CalendarView.swift; sourceTree = "<group>"; };
		5763A5572C80643700B36190 /* IdeasView.swift */ = {isa = PBXFileReference; lastKnownFileType = sourcecode.swift; path = IdeasView.swift; sourceTree = "<group>"; };
		5763A55B2C80646500B36190 /* SettingsView.swift */ = {isa = PBXFileReference; lastKnownFileType = sourcecode.swift; path = SettingsView.swift; sourceTree = "<group>"; };
		5763A55D2C80661000B36190 /* WPEmptyDataView.swift */ = {isa = PBXFileReference; lastKnownFileType = sourcecode.swift; path = WPEmptyDataView.swift; sourceTree = "<group>"; };
		5763A55F2C80877F00B36190 /* WPImagedButtonView.swift */ = {isa = PBXFileReference; lastKnownFileType = sourcecode.swift; path = WPImagedButtonView.swift; sourceTree = "<group>"; };
		5763A5612C808EB900B36190 /* WeddingViewModel.swift */ = {isa = PBXFileReference; lastKnownFileType = sourcecode.swift; path = WeddingViewModel.swift; sourceTree = "<group>"; };
		5763A5632C80906900B36190 /* AddNewWeddingView.swift */ = {isa = PBXFileReference; lastKnownFileType = sourcecode.swift; path = AddNewWeddingView.swift; sourceTree = "<group>"; };
		5763A5662C8096E200B36190 /* SubNavBarView.swift */ = {isa = PBXFileReference; lastKnownFileType = sourcecode.swift; path = SubNavBarView.swift; sourceTree = "<group>"; };
		5763A5682C80CA8400B36190 /* LineSeparaterView.swift */ = {isa = PBXFileReference; lastKnownFileType = sourcecode.swift; path = LineSeparaterView.swift; sourceTree = "<group>"; };
		5763A56A2C80CBB700B36190 /* NoticeBubbleView.swift */ = {isa = PBXFileReference; lastKnownFileType = sourcecode.swift; path = NoticeBubbleView.swift; sourceTree = "<group>"; };
		5763A56D2C80D32C00B36190 /* WPTextField.swift */ = {isa = PBXFileReference; lastKnownFileType = sourcecode.swift; path = WPTextField.swift; sourceTree = "<group>"; };
		5763A5702C81BA4C00B36190 /* WPImagePickerView.swift */ = {isa = PBXFileReference; lastKnownFileType = sourcecode.swift; path = WPImagePickerView.swift; sourceTree = "<group>"; };
		5763A5722C81C1AF00B36190 /* Info.plist */ = {isa = PBXFileReference; lastKnownFileType = text.plist; path = Info.plist; sourceTree = "<group>"; };
		5763A5752C81C8AA00B36190 /* WPTextEdditor.swift */ = {isa = PBXFileReference; lastKnownFileType = sourcecode.swift; path = WPTextEdditor.swift; sourceTree = "<group>"; };
		5763A5772C81EBBE00B36190 /* AddNewWeddingTaskView.swift */ = {isa = PBXFileReference; lastKnownFileType = sourcecode.swift; path = AddNewWeddingTaskView.swift; sourceTree = "<group>"; };
		5763A5792C81F80800B36190 /* WPDatePickerView.swift */ = {isa = PBXFileReference; lastKnownFileType = sourcecode.swift; path = WPDatePickerView.swift; sourceTree = "<group>"; };
		5763A57B2C820B0000B36190 /* Date + Extensions.swift */ = {isa = PBXFileReference; lastKnownFileType = sourcecode.swift; path = "Date + Extensions.swift"; sourceTree = "<group>"; };
		5763A57D2C820E6300B36190 /* DismissingKeyboardOnTap.swift */ = {isa = PBXFileReference; lastKnownFileType = sourcecode.swift; path = DismissingKeyboardOnTap.swift; sourceTree = "<group>"; };
		5763A5812C83052800B36190 /* WPTaskSelecteionView.swift */ = {isa = PBXFileReference; lastKnownFileType = sourcecode.swift; path = WPTaskSelecteionView.swift; sourceTree = "<group>"; };
		5763A5882C83AEB500B36190 /* WPAlertViewModifier.swift */ = {isa = PBXFileReference; lastKnownFileType = sourcecode.swift; path = WPAlertViewModifier.swift; sourceTree = "<group>"; };
		5763A58B2C83BB3700B36190 /* RoundedCorner.swift */ = {isa = PBXFileReference; lastKnownFileType = sourcecode.swift; path = RoundedCorner.swift; sourceTree = "<group>"; };
		BEBFE90D6525ED190CF085D9 /* Pods_WedPlanner.framework */ = {isa = PBXFileReference; explicitFileType = wrapper.framework; includeInIndex = 0; path = Pods_WedPlanner.framework; sourceTree = BUILT_PRODUCTS_DIR; };
		EBF8F012DD97F1C8861AFC4B /* Pods-WedPlanner.release.xcconfig */ = {isa = PBXFileReference; includeInIndex = 1; lastKnownFileType = text.xcconfig; name = "Pods-WedPlanner.release.xcconfig"; path = "Target Support Files/Pods-WedPlanner/Pods-WedPlanner.release.xcconfig"; sourceTree = "<group>"; };
/* End PBXFileReference section */

/* Begin PBXFrameworksBuildPhase section */
		5732D9C12C7F125200ACD609 /* Frameworks */ = {
			isa = PBXFrameworksBuildPhase;
			buildActionMask = 2147483647;
			files = (
				0BF15F2DF49C4D5902A0083D /* Pods_WedPlanner.framework in Frameworks */,
			);
			runOnlyForDeploymentPostprocessing = 0;
		};
/* End PBXFrameworksBuildPhase section */

/* Begin PBXGroup section */
		571021C42C871D6800FEAA24 /* Cells */ = {
			isa = PBXGroup;
			children = (
				571021C52C871D7E00FEAA24 /* WeddingItemCellView.swift */,
			);
			path = Cells;
			sourceTree = "<group>";
		};
		571021CB2C88D76500FEAA24 /* Styles */ = {
			isa = PBXGroup;
			children = (
				571021CC2C88D77000FEAA24 /* CustomProgressViewStyle.swift */,
			);
			path = Styles;
			sourceTree = "<group>";
		};
		571021D42C89AA6100FEAA24 /* Menus */ = {
			isa = PBXGroup;
			children = (
				571021D52C89AA7500FEAA24 /* WPContextMenu.swift */,
			);
			path = Menus;
			sourceTree = "<group>";
		};
		5731742A2C90BD8600212D05 /* Servicess */ = {
			isa = PBXGroup;
			children = (
				5731742B2C90BD9700212D05 /* IdeaRepositoryService.swift */,
				573174342C90C2D700212D05 /* EventRepositoryService.swift */,
				573174512C918C3900212D05 /* WeddingItemRepositoryService.swift */,
				573174582C9195BB00212D05 /* WeddingTaskRepositoryService.swift */,
			);
			path = Servicess;
			sourceTree = "<group>";
		};
		5731742D2C90BDBD00212D05 /* Services */ = {
			isa = PBXGroup;
			children = (
				5731742E2C90BDCD00212D05 /* Idea.swift */,
				573174322C90C29E00212D05 /* Event.swift */,
				5731744F2C918BB000212D05 /* WeddingItem.swift */,
				573174562C91956300212D05 /* WeddingTask.swift */,
				5731745C2C91966900212D05 /* WeddingGuest.swift */,
				5731745E2C91988700212D05 /* WeddingContact.swift */,
			);
			path = Services;
			sourceTree = "<group>";
		};
		573174532C9194DB00212D05 /* ServicesViewModels */ = {
			isa = PBXGroup;
			children = (
				573174542C9194EC00212D05 /* WeddingItemsViewModel.swift */,
				5731745A2C91961100212D05 /* WeddingTasksViewModel.swift */,
			);
			path = ServicesViewModels;
			sourceTree = "<group>";
		};
		5732D9BB2C7F125200ACD609 = {
			isa = PBXGroup;
			children = (
				5732D9C62C7F125200ACD609 /* WedPlanner */,
				5732D9C52C7F125200ACD609 /* Products */,
				A98AEBEE0D5F99A9F4F53114 /* Pods */,
				6A222CB2ABD57B85CE3A074D /* Frameworks */,
			);
			sourceTree = "<group>";
		};
		5732D9C52C7F125200ACD609 /* Products */ = {
			isa = PBXGroup;
			children = (
				5732D9C42C7F125200ACD609 /* WedPlanner.app */,
			);
			name = Products;
			sourceTree = "<group>";
		};
		5732D9C62C7F125200ACD609 /* WedPlanner */ = {
			isa = PBXGroup;
			children = (
				5763A5722C81C1AF00B36190 /* Info.plist */,
				5732D9D52C7F126C00ACD609 /* Application */,
				5732D9D72C7F128300ACD609 /* Extensions */,
				5732D9D82C7F129300ACD609 /* Models */,
				5763A5972C84689800B36190 /* Services */,
				5732D9D92C7F12A100ACD609 /* Scenes */,
				5732D9DA2C7F12AB00ACD609 /* UIComponents */,
				5732D9DB2C7F12B600ACD609 /* Resources */,
				5732D9CD2C7F125300ACD609 /* Preview Content */,
			);
			path = WedPlanner;
			sourceTree = "<group>";
		};
		5732D9CD2C7F125300ACD609 /* Preview Content */ = {
			isa = PBXGroup;
			children = (
				5732D9CE2C7F125300ACD609 /* Preview Assets.xcassets */,
			);
			path = "Preview Content";
			sourceTree = "<group>";
		};
		5732D9D52C7F126C00ACD609 /* Application */ = {
			isa = PBXGroup;
			children = (
				5732D9C72C7F125200ACD609 /* WedPlannerApp.swift */,
				5763A5322C7F8CAC00B36190 /* InitialView.swift */,
			);
			path = Application;
			sourceTree = "<group>";
		};
		5732D9D72C7F128300ACD609 /* Extensions */ = {
			isa = PBXGroup;
			children = (
				5763A52A2C7F549400B36190 /* View+ Extensions.swift */,
				5763A53A2C7FD8E400B36190 /* UINavigationController + Extensions.swift */,
				5763A5432C805F5800B36190 /* UIApplication + Extensions.swift */,
				5763A5452C805F7800B36190 /* UIView + Extenisons.swift */,
				5763A57B2C820B0000B36190 /* Date + Extensions.swift */,
			);
			path = Extensions;
			sourceTree = "<group>";
		};
		5732D9D82C7F129300ACD609 /* Models */ = {
			isa = PBXGroup;
			children = (
				5731742D2C90BDBD00212D05 /* Services */,
				5763A51E2C7F4E8E00B36190 /* OnboardinItemModel.swift */,
				5763A5302C7F576600B36190 /* LicenseTextModel.swift */,
				5763A5382C7FC98B00B36190 /* WPTabbarItemModel.swift */,
				573173F92C8A375D00212D05 /* SettingsCellModel.swift */,
			);
			path = Models;
			sourceTree = "<group>";
		};
		5732D9D92C7F12A100ACD609 /* Scenes */ = {
			isa = PBXGroup;
			children = (
				5763A51D2C7F4E5A00B36190 /* Onboarding */,
				5763A5492C80635600B36190 /* Tabbar */,
				5763A54A2C80638500B36190 /* Wedding */,
				5763A54E2C8063C300B36190 /* Contacts */,
				5763A5522C8063F700B36190 /* Calendar */,
				5763A5562C80642600B36190 /* Ideas */,
				5763A55A2C80645000B36190 /* Settings */,
			);
			path = Scenes;
			sourceTree = "<group>";
		};
		5732D9DA2C7F12AB00ACD609 /* UIComponents */ = {
			isa = PBXGroup;
			children = (
				571021CB2C88D76500FEAA24 /* Styles */,
				571021C42C871D6800FEAA24 /* Cells */,
				5763A58A2C83BB1200B36190 /* Shapes */,
				5763A56F2C81BA3C00B36190 /* Pickers */,
				5763A56C2C80D32200B36190 /* Fields */,
				5763A5402C805F1700B36190 /* Modifiers */,
				5763A5232C7F50C100B36190 /* Views */,
				5763A5202C7F4FF600B36190 /* Buttons */,
			);
			path = UIComponents;
			sourceTree = "<group>";
		};
		5732D9DB2C7F12B600ACD609 /* Resources */ = {
			isa = PBXGroup;
			children = (
				5732D9CB2C7F125300ACD609 /* Assets.xcassets */,
				5763A51B2C7F25A400B36190 /* Colors.xcassets */,
			);
			path = Resources;
			sourceTree = "<group>";
		};
		5763A51D2C7F4E5A00B36190 /* Onboarding */ = {
			isa = PBXGroup;
			children = (
				5763A5282C7F53F500B36190 /* OnboardingView.swift */,
				5763A52C2C7F565100B36190 /* OnboardingViewModel.swift */,
			);
			path = Onboarding;
			sourceTree = "<group>";
		};
		5763A5202C7F4FF600B36190 /* Buttons */ = {
			isa = PBXGroup;
			children = (
				5763A5212C7F500300B36190 /* WPButtonView.swift */,
				5763A55F2C80877F00B36190 /* WPImagedButtonView.swift */,
			);
			path = Buttons;
			sourceTree = "<group>";
		};
		5763A5232C7F50C100B36190 /* Views */ = {
			isa = PBXGroup;
			children = (
				571021D42C89AA6100FEAA24 /* Menus */,
				5763A5652C8096CA00B36190 /* NavigationBar */,
				5763A5242C7F50CE00B36190 /* WPTextView.swift */,
				5763A56A2C80CBB700B36190 /* NoticeBubbleView.swift */,
				5763A52E2C7F572B00B36190 /* LicenseTextView.swift */,
				5763A55D2C80661000B36190 /* WPEmptyDataView.swift */,
				5763A5682C80CA8400B36190 /* LineSeparaterView.swift */,
				5763A5752C81C8AA00B36190 /* WPTextEdditor.swift */,
				5763A5812C83052800B36190 /* WPTaskSelecteionView.swift */,
				573173FB2C8AF4C000212D05 /* WPShareView.swift */,
			);
			path = Views;
			sourceTree = "<group>";
		};
		5763A5402C805F1700B36190 /* Modifiers */ = {
			isa = PBXGroup;
			children = (
				5763A5412C805F2E00B36190 /* TabBarModifier.swift */,
				5763A57D2C820E6300B36190 /* DismissingKeyboardOnTap.swift */,
				5763A5882C83AEB500B36190 /* WPAlertViewModifier.swift */,
				571021D72C89AF8600FEAA24 /* WPGuestAlertViewModifier.swift */,
			);
			path = Modifiers;
			sourceTree = "<group>";
		};
		5763A5492C80635600B36190 /* Tabbar */ = {
			isa = PBXGroup;
			children = (
				5763A5342C7FC7EA00B36190 /* WPTabBar.swift */,
			);
			path = Tabbar;
			sourceTree = "<group>";
		};
		5763A54A2C80638500B36190 /* Wedding */ = {
			isa = PBXGroup;
			children = (
				5763A54B2C80639700B36190 /* WeddingView.swift */,
				5763A54D2C8063A500B36190 /* Subviews */,
				573174532C9194DB00212D05 /* ServicesViewModels */,
				5763A5612C808EB900B36190 /* WeddingViewModel.swift */,
			);
			path = Wedding;
			sourceTree = "<group>";
		};
		5763A54D2C8063A500B36190 /* Subviews */ = {
			isa = PBXGroup;
			children = (
				5763A5632C80906900B36190 /* AddNewWeddingView.swift */,
				5763A5772C81EBBE00B36190 /* AddNewWeddingTaskView.swift */,
				571021C92C87A6AF00FEAA24 /* WeddingDetailView.swift */,
				571021D02C88FACC00FEAA24 /* GuestListView.swift */,
				573174602C930C8200212D05 /* UpdateWeddingView.swift */,
				573174622C930EDF00212D05 /* CreateWeddingContentView.swift */,
			);
			path = Subviews;
			sourceTree = "<group>";
		};
		5763A54E2C8063C300B36190 /* Contacts */ = {
			isa = PBXGroup;
			children = (
				5763A54F2C8063D200B36190 /* ContactsView.swift */,
				5763A5512C8063E000B36190 /* Subviews */,
			);
			path = Contacts;
			sourceTree = "<group>";
		};
		5763A5512C8063E000B36190 /* Subviews */ = {
			isa = PBXGroup;
			children = (
				573174032C8B643B00212D05 /* AddNewContactView.swift */,
				573174052C8C7CD000212D05 /* WeddingContactsListView.swift */,
			);
			path = Subviews;
			sourceTree = "<group>";
		};
		5763A5522C8063F700B36190 /* Calendar */ = {
			isa = PBXGroup;
			children = (
				5763A5542C80640F00B36190 /* CalendarView.swift */,
				5763A5532C80640400B36190 /* Subviews */,
				573174362C90C3C600212D05 /* EventsViewModel.swift */,
			);
			path = Calendar;
			sourceTree = "<group>";
		};
		5763A5532C80640400B36190 /* Subviews */ = {
			isa = PBXGroup;
			children = (
				573174132C8DD5B500212D05 /* CalendarEventCellItemView.swift */,
				573174152C8DD7D100212D05 /* EventAddOrEditView.swift */,
				573174172C8DDF4100212D05 /* EventDetailView.swift */,
			);
			path = Subviews;
			sourceTree = "<group>";
		};
		5763A5562C80642600B36190 /* Ideas */ = {
			isa = PBXGroup;
			children = (
				5763A5572C80643700B36190 /* IdeasView.swift */,
				5763A5592C80644500B36190 /* Subviews */,
				573174302C90BEFF00212D05 /* IdeasViewModel.swift */,
			);
			path = Ideas;
			sourceTree = "<group>";
		};
		5763A5592C80644500B36190 /* Subviews */ = {
			isa = PBXGroup;
			children = (
				573174092C8CDDBB00212D05 /* IdeaCellItemView.swift */,
				5731740D2C8CE84200212D05 /* IdeadAddOrEditView.swift */,
				5731740F2C8D11CA00212D05 /* IdeaDetailView.swift */,
			);
			path = Subviews;
			sourceTree = "<group>";
		};
		5763A55A2C80645000B36190 /* Settings */ = {
			isa = PBXGroup;
			children = (
				5763A55B2C80646500B36190 /* SettingsView.swift */,
			);
			path = Settings;
			sourceTree = "<group>";
		};
		5763A5652C8096CA00B36190 /* NavigationBar */ = {
			isa = PBXGroup;
			children = (
				5763A53E2C7FDA7600B36190 /* WPNavBarView.swift */,
				5763A5662C8096E200B36190 /* SubNavBarView.swift */,
			);
			path = NavigationBar;
			sourceTree = "<group>";
		};
		5763A56C2C80D32200B36190 /* Fields */ = {
			isa = PBXGroup;
			children = (
				5763A56D2C80D32C00B36190 /* WPTextField.swift */,
				571021D22C88FF9A00FEAA24 /* WPSearchField.swift */,
			);
			path = Fields;
			sourceTree = "<group>";
		};
		5763A56F2C81BA3C00B36190 /* Pickers */ = {
			isa = PBXGroup;
			children = (
				5763A5702C81BA4C00B36190 /* WPImagePickerView.swift */,
				5763A5792C81F80800B36190 /* WPDatePickerView.swift */,
			);
			path = Pickers;
			sourceTree = "<group>";
		};
		5763A58A2C83BB1200B36190 /* Shapes */ = {
			isa = PBXGroup;
			children = (
				5763A58B2C83BB3700B36190 /* RoundedCorner.swift */,
				571021C72C875D2800FEAA24 /* DiagonalCutShape.swift */,
			);
			path = Shapes;
			sourceTree = "<group>";
		};
		5763A5972C84689800B36190 /* Services */ = {
			isa = PBXGroup;
			children = (
				573174282C90BD0F00212D05 /* DataBaseManager.swift */,
				5731742A2C90BD8600212D05 /* Servicess */,
			);
			path = Services;
			sourceTree = "<group>";
		};
		6A222CB2ABD57B85CE3A074D /* Frameworks */ = {
			isa = PBXGroup;
			children = (
				BEBFE90D6525ED190CF085D9 /* Pods_WedPlanner.framework */,
			);
			name = Frameworks;
			sourceTree = "<group>";
		};
		A98AEBEE0D5F99A9F4F53114 /* Pods */ = {
			isa = PBXGroup;
			children = (
				10BEED09C4E3D2F4E200F7C2 /* Pods-WedPlanner.debug.xcconfig */,
				EBF8F012DD97F1C8861AFC4B /* Pods-WedPlanner.release.xcconfig */,
			);
			path = Pods;
			sourceTree = "<group>";
		};
/* End PBXGroup section */

/* Begin PBXNativeTarget section */
		5732D9C32C7F125200ACD609 /* WedPlanner */ = {
			isa = PBXNativeTarget;
			buildConfigurationList = 5732D9D22C7F125300ACD609 /* Build configuration list for PBXNativeTarget "WedPlanner" */;
			buildPhases = (
				324FB4D8DF5E9DABE6EAC3D4 /* [CP] Check Pods Manifest.lock */,
				5732D9C02C7F125200ACD609 /* Sources */,
				5732D9C12C7F125200ACD609 /* Frameworks */,
				5732D9C22C7F125200ACD609 /* Resources */,
				403F2511710A16A0CDD0F8D8 /* [CP] Embed Pods Frameworks */,
			);
			buildRules = (
			);
			dependencies = (
			);
			name = WedPlanner;
			productName = WedPlanner;
			productReference = 5732D9C42C7F125200ACD609 /* WedPlanner.app */;
			productType = "com.apple.product-type.application";
		};
/* End PBXNativeTarget section */

/* Begin PBXProject section */
		5732D9BC2C7F125200ACD609 /* Project object */ = {
			isa = PBXProject;
			attributes = {
				BuildIndependentTargetsInParallel = 1;
				LastSwiftUpdateCheck = 1540;
				LastUpgradeCheck = 1540;
				TargetAttributes = {
					5732D9C32C7F125200ACD609 = {
						CreatedOnToolsVersion = 15.4;
					};
				};
			};
			buildConfigurationList = 5732D9BF2C7F125200ACD609 /* Build configuration list for PBXProject "WedPlanner" */;
			compatibilityVersion = "Xcode 14.0";
			developmentRegion = en;
			hasScannedForEncodings = 0;
			knownRegions = (
				en,
				Base,
			);
			mainGroup = 5732D9BB2C7F125200ACD609;
			productRefGroup = 5732D9C52C7F125200ACD609 /* Products */;
			projectDirPath = "";
			projectRoot = "";
			targets = (
				5732D9C32C7F125200ACD609 /* WedPlanner */,
			);
		};
/* End PBXProject section */

/* Begin PBXResourcesBuildPhase section */
		5732D9C22C7F125200ACD609 /* Resources */ = {
			isa = PBXResourcesBuildPhase;
			buildActionMask = 2147483647;
			files = (
				5763A51C2C7F25A400B36190 /* Colors.xcassets in Resources */,
				5732D9CF2C7F125300ACD609 /* Preview Assets.xcassets in Resources */,
				5732D9CC2C7F125300ACD609 /* Assets.xcassets in Resources */,
			);
			runOnlyForDeploymentPostprocessing = 0;
		};
/* End PBXResourcesBuildPhase section */

/* Begin PBXShellScriptBuildPhase section */
		324FB4D8DF5E9DABE6EAC3D4 /* [CP] Check Pods Manifest.lock */ = {
			isa = PBXShellScriptBuildPhase;
			buildActionMask = 2147483647;
			files = (
			);
			inputFileListPaths = (
			);
			inputPaths = (
				"${PODS_PODFILE_DIR_PATH}/Podfile.lock",
				"${PODS_ROOT}/Manifest.lock",
			);
			name = "[CP] Check Pods Manifest.lock";
			outputFileListPaths = (
			);
			outputPaths = (
				"$(DERIVED_FILE_DIR)/Pods-WedPlanner-checkManifestLockResult.txt",
			);
			runOnlyForDeploymentPostprocessing = 0;
			shellPath = /bin/sh;
			shellScript = "diff \"${PODS_PODFILE_DIR_PATH}/Podfile.lock\" \"${PODS_ROOT}/Manifest.lock\" > /dev/null\nif [ $? != 0 ] ; then\n    # print error to STDERR\n    echo \"error: The sandbox is not in sync with the Podfile.lock. Run 'pod install' or update your CocoaPods installation.\" >&2\n    exit 1\nfi\n# This output is used by Xcode 'outputs' to avoid re-running this script phase.\necho \"SUCCESS\" > \"${SCRIPT_OUTPUT_FILE_0}\"\n";
			showEnvVarsInLog = 0;
		};
		403F2511710A16A0CDD0F8D8 /* [CP] Embed Pods Frameworks */ = {
			isa = PBXShellScriptBuildPhase;
			buildActionMask = 2147483647;
			files = (
			);
			inputFileListPaths = (
				"${PODS_ROOT}/Target Support Files/Pods-WedPlanner/Pods-WedPlanner-frameworks-${CONFIGURATION}-input-files.xcfilelist",
			);
			name = "[CP] Embed Pods Frameworks";
			outputFileListPaths = (
				"${PODS_ROOT}/Target Support Files/Pods-WedPlanner/Pods-WedPlanner-frameworks-${CONFIGURATION}-output-files.xcfilelist",
			);
			runOnlyForDeploymentPostprocessing = 0;
			shellPath = /bin/sh;
			shellScript = "\"${PODS_ROOT}/Target Support Files/Pods-WedPlanner/Pods-WedPlanner-frameworks.sh\"\n";
			showEnvVarsInLog = 0;
		};
/* End PBXShellScriptBuildPhase section */

/* Begin PBXSourcesBuildPhase section */
		5732D9C02C7F125200ACD609 /* Sources */ = {
			isa = PBXSourcesBuildPhase;
			buildActionMask = 2147483647;
			files = (
				573174352C90C2D700212D05 /* EventRepositoryService.swift in Sources */,
				5763A5602C80877F00B36190 /* WPImagedButtonView.swift in Sources */,
				573174182C8DDF4100212D05 /* EventDetailView.swift in Sources */,
				5763A55E2C80661000B36190 /* WPEmptyDataView.swift in Sources */,
				5763A5622C808EB900B36190 /* WeddingViewModel.swift in Sources */,
				5763A5892C83AEB500B36190 /* WPAlertViewModifier.swift in Sources */,
				5763A52B2C7F549400B36190 /* View+ Extensions.swift in Sources */,
				571021D62C89AA7500FEAA24 /* WPContextMenu.swift in Sources */,
				571021C82C875D2800FEAA24 /* DiagonalCutShape.swift in Sources */,
				571021C62C871D7E00FEAA24 /* WeddingItemCellView.swift in Sources */,
				573174312C90BEFF00212D05 /* IdeasViewModel.swift in Sources */,
				5763A5252C7F50CE00B36190 /* WPTextView.swift in Sources */,
				5763A5762C81C8AA00B36190 /* WPTextEdditor.swift in Sources */,
				5763A53B2C7FD8E400B36190 /* UINavigationController + Extensions.swift in Sources */,
				573173FC2C8AF4C000212D05 /* WPShareView.swift in Sources */,
				5763A57A2C81F80800B36190 /* WPDatePickerView.swift in Sources */,
				5731745B2C91961100212D05 /* WeddingTasksViewModel.swift in Sources */,
				5763A5782C81EBBE00B36190 /* AddNewWeddingTaskView.swift in Sources */,
				5763A5442C805F5800B36190 /* UIApplication + Extensions.swift in Sources */,
				5731742C2C90BD9700212D05 /* IdeaRepositoryService.swift in Sources */,
				5763A51F2C7F4E8E00B36190 /* OnboardinItemModel.swift in Sources */,
				5763A5332C7F8CAC00B36190 /* InitialView.swift in Sources */,
				5763A5462C805F7800B36190 /* UIView + Extenisons.swift in Sources */,
				573174612C930C8200212D05 /* UpdateWeddingView.swift in Sources */,
				571021D32C88FF9A00FEAA24 /* WPSearchField.swift in Sources */,
				5763A53F2C7FDA7600B36190 /* WPNavBarView.swift in Sources */,
				5763A52D2C7F565100B36190 /* OnboardingViewModel.swift in Sources */,
				573174522C918C3900212D05 /* WeddingItemRepositoryService.swift in Sources */,
				573174062C8C7CD000212D05 /* WeddingContactsListView.swift in Sources */,
				5731740A2C8CDDBB00212D05 /* IdeaCellItemView.swift in Sources */,
				573174332C90C29E00212D05 /* Event.swift in Sources */,
				573174372C90C3C600212D05 /* EventsViewModel.swift in Sources */,
				5763A56E2C80D32C00B36190 /* WPTextField.swift in Sources */,
				573174162C8DD7D100212D05 /* EventAddOrEditView.swift in Sources */,
				5763A5692C80CA8400B36190 /* LineSeparaterView.swift in Sources */,
				5763A54C2C80639700B36190 /* WeddingView.swift in Sources */,
				5731745D2C91966900212D05 /* WeddingGuest.swift in Sources */,
				573174502C918BB000212D05 /* WeddingItem.swift in Sources */,
				5731745F2C91988700212D05 /* WeddingContact.swift in Sources */,
				5763A5672C8096E200B36190 /* SubNavBarView.swift in Sources */,
				5763A5552C80640F00B36190 /* CalendarView.swift in Sources */,
				5763A5642C80906900B36190 /* AddNewWeddingView.swift in Sources */,
				573174042C8B643B00212D05 /* AddNewContactView.swift in Sources */,
				5763A5392C7FC98B00B36190 /* WPTabbarItemModel.swift in Sources */,
				571021D12C88FACC00FEAA24 /* GuestListView.swift in Sources */,
				573174102C8D11CA00212D05 /* IdeaDetailView.swift in Sources */,
				573173FA2C8A375D00212D05 /* SettingsCellModel.swift in Sources */,
				5763A52F2C7F572B00B36190 /* LicenseTextView.swift in Sources */,
				5731740E2C8CE84200212D05 /* IdeadAddOrEditView.swift in Sources */,
				5763A5422C805F2E00B36190 /* TabBarModifier.swift in Sources */,
				5763A5582C80643700B36190 /* IdeasView.swift in Sources */,
				5763A5292C7F53F500B36190 /* OnboardingView.swift in Sources */,
				571021D82C89AF8600FEAA24 /* WPGuestAlertViewModifier.swift in Sources */,
				5763A57C2C820B0000B36190 /* Date + Extensions.swift in Sources */,
				5763A56B2C80CBB700B36190 /* NoticeBubbleView.swift in Sources */,
				571021CD2C88D77000FEAA24 /* CustomProgressViewStyle.swift in Sources */,
				573174592C9195BB00212D05 /* WeddingTaskRepositoryService.swift in Sources */,
				571021CA2C87A6AF00FEAA24 /* WeddingDetailView.swift in Sources */,
				5732D9C82C7F125200ACD609 /* WedPlannerApp.swift in Sources */,
				573174632C930EDF00212D05 /* CreateWeddingContentView.swift in Sources */,
				5763A57E2C820E6300B36190 /* DismissingKeyboardOnTap.swift in Sources */,
				5763A58C2C83BB3700B36190 /* RoundedCorner.swift in Sources */,
				5731742F2C90BDCD00212D05 /* Idea.swift in Sources */,
				573174572C91956300212D05 /* WeddingTask.swift in Sources */,
				5763A5502C8063D200B36190 /* ContactsView.swift in Sources */,
				5763A5352C7FC7EA00B36190 /* WPTabBar.swift in Sources */,
				5763A5712C81BA4C00B36190 /* WPImagePickerView.swift in Sources */,
				5763A5312C7F576600B36190 /* LicenseTextModel.swift in Sources */,
				5763A5222C7F500300B36190 /* WPButtonView.swift in Sources */,
				5763A55C2C80646500B36190 /* SettingsView.swift in Sources */,
				573174142C8DD5B500212D05 /* CalendarEventCellItemView.swift in Sources */,
				5763A5822C83052800B36190 /* WPTaskSelecteionView.swift in Sources */,
				573174552C9194EC00212D05 /* WeddingItemsViewModel.swift in Sources */,
				573174292C90BD0F00212D05 /* DataBaseManager.swift in Sources */,
			);
			runOnlyForDeploymentPostprocessing = 0;
		};
/* End PBXSourcesBuildPhase section */

/* Begin XCBuildConfiguration section */
		5732D9D02C7F125300ACD609 /* Debug */ = {
			isa = XCBuildConfiguration;
			buildSettings = {
				ALWAYS_SEARCH_USER_PATHS = NO;
				ASSETCATALOG_COMPILER_GENERATE_SWIFT_ASSET_SYMBOL_EXTENSIONS = YES;
				CLANG_ANALYZER_NONNULL = YES;
				CLANG_ANALYZER_NUMBER_OBJECT_CONVERSION = YES_AGGRESSIVE;
				CLANG_CXX_LANGUAGE_STANDARD = "gnu++20";
				CLANG_ENABLE_MODULES = YES;
				CLANG_ENABLE_OBJC_ARC = YES;
				CLANG_ENABLE_OBJC_WEAK = YES;
				CLANG_WARN_BLOCK_CAPTURE_AUTORELEASING = YES;
				CLANG_WARN_BOOL_CONVERSION = YES;
				CLANG_WARN_COMMA = YES;
				CLANG_WARN_CONSTANT_CONVERSION = YES;
				CLANG_WARN_DEPRECATED_OBJC_IMPLEMENTATIONS = YES;
				CLANG_WARN_DIRECT_OBJC_ISA_USAGE = YES_ERROR;
				CLANG_WARN_DOCUMENTATION_COMMENTS = YES;
				CLANG_WARN_EMPTY_BODY = YES;
				CLANG_WARN_ENUM_CONVERSION = YES;
				CLANG_WARN_INFINITE_RECURSION = YES;
				CLANG_WARN_INT_CONVERSION = YES;
				CLANG_WARN_NON_LITERAL_NULL_CONVERSION = YES;
				CLANG_WARN_OBJC_IMPLICIT_RETAIN_SELF = YES;
				CLANG_WARN_OBJC_LITERAL_CONVERSION = YES;
				CLANG_WARN_OBJC_ROOT_CLASS = YES_ERROR;
				CLANG_WARN_QUOTED_INCLUDE_IN_FRAMEWORK_HEADER = YES;
				CLANG_WARN_RANGE_LOOP_ANALYSIS = YES;
				CLANG_WARN_STRICT_PROTOTYPES = YES;
				CLANG_WARN_SUSPICIOUS_MOVE = YES;
				CLANG_WARN_UNGUARDED_AVAILABILITY = YES_AGGRESSIVE;
				CLANG_WARN_UNREACHABLE_CODE = YES;
				CLANG_WARN__DUPLICATE_METHOD_MATCH = YES;
				COPY_PHASE_STRIP = NO;
				DEBUG_INFORMATION_FORMAT = dwarf;
				ENABLE_STRICT_OBJC_MSGSEND = YES;
				ENABLE_TESTABILITY = YES;
				ENABLE_USER_SCRIPT_SANDBOXING = YES;
				GCC_C_LANGUAGE_STANDARD = gnu17;
				GCC_DYNAMIC_NO_PIC = NO;
				GCC_NO_COMMON_BLOCKS = YES;
				GCC_OPTIMIZATION_LEVEL = 0;
				GCC_PREPROCESSOR_DEFINITIONS = (
					"DEBUG=1",
					"$(inherited)",
				);
				GCC_WARN_64_TO_32_BIT_CONVERSION = YES;
				GCC_WARN_ABOUT_RETURN_TYPE = YES_ERROR;
				GCC_WARN_UNDECLARED_SELECTOR = YES;
				GCC_WARN_UNINITIALIZED_AUTOS = YES_AGGRESSIVE;
				GCC_WARN_UNUSED_FUNCTION = YES;
				GCC_WARN_UNUSED_VARIABLE = YES;
				IPHONEOS_DEPLOYMENT_TARGET = 17.5;
				LOCALIZATION_PREFERS_STRING_CATALOGS = YES;
				MTL_ENABLE_DEBUG_INFO = INCLUDE_SOURCE;
				MTL_FAST_MATH = YES;
				ONLY_ACTIVE_ARCH = YES;
				SDKROOT = iphoneos;
				SWIFT_ACTIVE_COMPILATION_CONDITIONS = "DEBUG $(inherited)";
				SWIFT_OPTIMIZATION_LEVEL = "-Onone";
			};
			name = Debug;
		};
		5732D9D12C7F125300ACD609 /* Release */ = {
			isa = XCBuildConfiguration;
			buildSettings = {
				ALWAYS_SEARCH_USER_PATHS = NO;
				ASSETCATALOG_COMPILER_GENERATE_SWIFT_ASSET_SYMBOL_EXTENSIONS = YES;
				CLANG_ANALYZER_NONNULL = YES;
				CLANG_ANALYZER_NUMBER_OBJECT_CONVERSION = YES_AGGRESSIVE;
				CLANG_CXX_LANGUAGE_STANDARD = "gnu++20";
				CLANG_ENABLE_MODULES = YES;
				CLANG_ENABLE_OBJC_ARC = YES;
				CLANG_ENABLE_OBJC_WEAK = YES;
				CLANG_WARN_BLOCK_CAPTURE_AUTORELEASING = YES;
				CLANG_WARN_BOOL_CONVERSION = YES;
				CLANG_WARN_COMMA = YES;
				CLANG_WARN_CONSTANT_CONVERSION = YES;
				CLANG_WARN_DEPRECATED_OBJC_IMPLEMENTATIONS = YES;
				CLANG_WARN_DIRECT_OBJC_ISA_USAGE = YES_ERROR;
				CLANG_WARN_DOCUMENTATION_COMMENTS = YES;
				CLANG_WARN_EMPTY_BODY = YES;
				CLANG_WARN_ENUM_CONVERSION = YES;
				CLANG_WARN_INFINITE_RECURSION = YES;
				CLANG_WARN_INT_CONVERSION = YES;
				CLANG_WARN_NON_LITERAL_NULL_CONVERSION = YES;
				CLANG_WARN_OBJC_IMPLICIT_RETAIN_SELF = YES;
				CLANG_WARN_OBJC_LITERAL_CONVERSION = YES;
				CLANG_WARN_OBJC_ROOT_CLASS = YES_ERROR;
				CLANG_WARN_QUOTED_INCLUDE_IN_FRAMEWORK_HEADER = YES;
				CLANG_WARN_RANGE_LOOP_ANALYSIS = YES;
				CLANG_WARN_STRICT_PROTOTYPES = YES;
				CLANG_WARN_SUSPICIOUS_MOVE = YES;
				CLANG_WARN_UNGUARDED_AVAILABILITY = YES_AGGRESSIVE;
				CLANG_WARN_UNREACHABLE_CODE = YES;
				CLANG_WARN__DUPLICATE_METHOD_MATCH = YES;
				COPY_PHASE_STRIP = NO;
				DEBUG_INFORMATION_FORMAT = "dwarf-with-dsym";
				ENABLE_NS_ASSERTIONS = NO;
				ENABLE_STRICT_OBJC_MSGSEND = YES;
				ENABLE_USER_SCRIPT_SANDBOXING = YES;
				GCC_C_LANGUAGE_STANDARD = gnu17;
				GCC_NO_COMMON_BLOCKS = YES;
				GCC_WARN_64_TO_32_BIT_CONVERSION = YES;
				GCC_WARN_ABOUT_RETURN_TYPE = YES_ERROR;
				GCC_WARN_UNDECLARED_SELECTOR = YES;
				GCC_WARN_UNINITIALIZED_AUTOS = YES_AGGRESSIVE;
				GCC_WARN_UNUSED_FUNCTION = YES;
				GCC_WARN_UNUSED_VARIABLE = YES;
				IPHONEOS_DEPLOYMENT_TARGET = 17.5;
				LOCALIZATION_PREFERS_STRING_CATALOGS = YES;
				MTL_ENABLE_DEBUG_INFO = NO;
				MTL_FAST_MATH = YES;
				SDKROOT = iphoneos;
				SWIFT_COMPILATION_MODE = wholemodule;
				VALIDATE_PRODUCT = YES;
			};
			name = Release;
		};
		5732D9D32C7F125300ACD609 /* Debug */ = {
			isa = XCBuildConfiguration;
			baseConfigurationReference = 10BEED09C4E3D2F4E200F7C2 /* Pods-WedPlanner.debug.xcconfig */;
			buildSettings = {
				ASSETCATALOG_COMPILER_APPICON_NAME = AppIcon;
				ASSETCATALOG_COMPILER_GLOBAL_ACCENT_COLOR_NAME = AccentColor;
				CODE_SIGN_STYLE = Automatic;
				CURRENT_PROJECT_VERSION = 1;
				DEVELOPMENT_ASSET_PATHS = "\"WedPlanner/Preview Content\"";
				DEVELOPMENT_TEAM = 8RR26756PN;
				ENABLE_PREVIEWS = YES;
				ENABLE_USER_SCRIPT_SANDBOXING = NO;
				GENERATE_INFOPLIST_FILE = YES;
				INFOPLIST_FILE = WedPlanner/Info.plist;
				INFOPLIST_KEY_UIApplicationSceneManifest_Generation = YES;
				INFOPLIST_KEY_UIApplicationSupportsIndirectInputEvents = YES;
				INFOPLIST_KEY_UILaunchScreen_Generation = YES;
				INFOPLIST_KEY_UISupportedInterfaceOrientations = UIInterfaceOrientationPortrait;
				INFOPLIST_KEY_UISupportedInterfaceOrientations_iPad = "UIInterfaceOrientationLandscapeLeft UIInterfaceOrientationLandscapeRight UIInterfaceOrientationPortrait UIInterfaceOrientationPortraitUpsideDown";
				IPHONEOS_DEPLOYMENT_TARGET = 15.0;
				LD_RUNPATH_SEARCH_PATHS = (
					"$(inherited)",
					"@executable_path/Frameworks",
				);
				MARKETING_VERSION = 1.0;
				PRODUCT_BUNDLE_IDENTIFIER = com.IvanBiriukov.WedPlanner;
				PRODUCT_NAME = "$(TARGET_NAME)";
				SUPPORTED_PLATFORMS = "iphoneos iphonesimulator";
				SUPPORTS_MACCATALYST = NO;
				SUPPORTS_MAC_DESIGNED_FOR_IPHONE_IPAD = NO;
				SUPPORTS_XR_DESIGNED_FOR_IPHONE_IPAD = NO;
				SWIFT_EMIT_LOC_STRINGS = YES;
				SWIFT_VERSION = 5.0;
				TARGETED_DEVICE_FAMILY = "1,2";
			};
			name = Debug;
		};
		5732D9D42C7F125300ACD609 /* Release */ = {
			isa = XCBuildConfiguration;
			baseConfigurationReference = EBF8F012DD97F1C8861AFC4B /* Pods-WedPlanner.release.xcconfig */;
			buildSettings = {
				ASSETCATALOG_COMPILER_APPICON_NAME = AppIcon;
				ASSETCATALOG_COMPILER_GLOBAL_ACCENT_COLOR_NAME = AccentColor;
				CODE_SIGN_STYLE = Automatic;
				CURRENT_PROJECT_VERSION = 1;
				DEVELOPMENT_ASSET_PATHS = "\"WedPlanner/Preview Content\"";
				DEVELOPMENT_TEAM = 8RR26756PN;
				ENABLE_PREVIEWS = YES;
				ENABLE_USER_SCRIPT_SANDBOXING = NO;
				GENERATE_INFOPLIST_FILE = YES;
				INFOPLIST_FILE = WedPlanner/Info.plist;
				INFOPLIST_KEY_UIApplicationSceneManifest_Generation = YES;
				INFOPLIST_KEY_UIApplicationSupportsIndirectInputEvents = YES;
				INFOPLIST_KEY_UILaunchScreen_Generation = YES;
				INFOPLIST_KEY_UISupportedInterfaceOrientations = UIInterfaceOrientationPortrait;
				INFOPLIST_KEY_UISupportedInterfaceOrientations_iPad = "UIInterfaceOrientationLandscapeLeft UIInterfaceOrientationLandscapeRight UIInterfaceOrientationPortrait UIInterfaceOrientationPortraitUpsideDown";
				IPHONEOS_DEPLOYMENT_TARGET = 15.0;
				LD_RUNPATH_SEARCH_PATHS = (
					"$(inherited)",
					"@executable_path/Frameworks",
				);
				MARKETING_VERSION = 1.0;
				PRODUCT_BUNDLE_IDENTIFIER = com.IvanBiriukov.WedPlanner;
				PRODUCT_NAME = "$(TARGET_NAME)";
				SUPPORTED_PLATFORMS = "iphoneos iphonesimulator";
				SUPPORTS_MACCATALYST = NO;
				SUPPORTS_MAC_DESIGNED_FOR_IPHONE_IPAD = NO;
				SUPPORTS_XR_DESIGNED_FOR_IPHONE_IPAD = NO;
				SWIFT_EMIT_LOC_STRINGS = YES;
				SWIFT_VERSION = 5.0;
				TARGETED_DEVICE_FAMILY = "1,2";
			};
			name = Release;
		};
/* End XCBuildConfiguration section */

/* Begin XCConfigurationList section */
		5732D9BF2C7F125200ACD609 /* Build configuration list for PBXProject "WedPlanner" */ = {
			isa = XCConfigurationList;
			buildConfigurations = (
				5732D9D02C7F125300ACD609 /* Debug */,
				5732D9D12C7F125300ACD609 /* Release */,
			);
			defaultConfigurationIsVisible = 0;
			defaultConfigurationName = Release;
		};
		5732D9D22C7F125300ACD609 /* Build configuration list for PBXNativeTarget "WedPlanner" */ = {
			isa = XCConfigurationList;
			buildConfigurations = (
				5732D9D32C7F125300ACD609 /* Debug */,
				5732D9D42C7F125300ACD609 /* Release */,
			);
			defaultConfigurationIsVisible = 0;
			defaultConfigurationName = Release;
		};
/* End XCConfigurationList section */
	};
	rootObject = 5732D9BC2C7F125200ACD609 /* Project object */;
}
